
Microsoft Visual Studio Solution File, Format Version 12.00
# Visual Studio 15
VisualStudioVersion = 15.0.28010.2016
MinimumVisualStudioVersion = 10.0.40219.1
Project("{FAE04EC0-301F-11D3-BF4B-00C04F79EFBC}") = "gsmWebsite", "gsmWebsite\gsmWebsite.csproj", "{8F9754EE-99F0-4B44-872C-FC4591BC0BE8}"
EndProject
Global
	GlobalSection(SolutionConfigurationPlatforms) = preSolution
		Debug|Any CPU = Debug|Any CPU
		Release|Any CPU = Release|Any CPU
	EndGlobalSection
	GlobalSection(ProjectConfigurationPlatforms) = postSolution
		{8F9754EE-99F0-4B44-872C-FC4591BC0BE8}.Debug|Any CPU.ActiveCfg = Debug|Any CPU
		{8F9754EE-99F0-4B44-872C-FC4591BC0BE8}.Debug|Any CPU.Build.0 = Debug|Any CPU
		{8F9754EE-99F0-4B44-872C-FC4591BC0BE8}.Release|Any CPU.ActiveCfg = Release|Any CPU
		{8F9754EE-99F0-4B44-872C-FC4591BC0BE8}.Release|Any CPU.Build.0 = Release|Any CPU
	EndGlobalSection
	GlobalSection(SolutionProperties) = preSolution
		HideSolutionNode = FALSE
	EndGlobalSection
	GlobalSection(ExtensibilityGlobals) = postSolution
		SolutionGuid = {0E4FF07F-B273-48AB-B7F7-13203D349E03}
	EndGlobalSection
EndGlobal
